
Microsoft Visual Studio Solution File, Format Version 12.00
# Visual Studio 15
VisualStudioVersion = 15.0.28010.2041
MinimumVisualStudioVersion = 10.0.40219.1
Project("{FAE04EC0-301F-11D3-BF4B-00C04F79EFBC}") = "OthelloMillenniumClient", "OthelloMillenniumClient\OthelloMillenniumClient.csproj", "{2F0C304E-C3D2-49EA-84B9-5D92141C0E37}"
EndProject
Project("{9A19103F-16F7-4668-BE54-9A1E7A4F7556}") = "OthelloMillenniumServer", "OthelloMillenniumServer\OthelloMillenniumServer.csproj", "{A1D5D4CC-2E56-4520-9BC6-33AE118AE9B9}"
EndProject
Project("{9A19103F-16F7-4668-BE54-9A1E7A4F7556}") = "OthelloMillenniumServer.Tests", "OthelloMillenniumServer.Tests\OthelloMillenniumServer.Tests.csproj", "{8852CD7E-2FD1-41A7-8145-1B9E7EBB9C9E}"
EndProject
Project("{FAE04EC0-301F-11D3-BF4B-00C04F79EFBC}") = "Tools", "Tools\Tools.csproj", "{D1A41933-B18C-4F63-9435-1A9D3A10237D}"
EndProject
Global
	GlobalSection(SolutionConfigurationPlatforms) = preSolution
		Debug|Any CPU = Debug|Any CPU
		Release|Any CPU = Release|Any CPU
	EndGlobalSection
	GlobalSection(ProjectConfigurationPlatforms) = postSolution
		{2F0C304E-C3D2-49EA-84B9-5D92141C0E37}.Debug|Any CPU.ActiveCfg = Debug|Any CPU
		{2F0C304E-C3D2-49EA-84B9-5D92141C0E37}.Debug|Any CPU.Build.0 = Debug|Any CPU
		{2F0C304E-C3D2-49EA-84B9-5D92141C0E37}.Release|Any CPU.ActiveCfg = Release|Any CPU
		{2F0C304E-C3D2-49EA-84B9-5D92141C0E37}.Release|Any CPU.Build.0 = Release|Any CPU
		{A1D5D4CC-2E56-4520-9BC6-33AE118AE9B9}.Debug|Any CPU.ActiveCfg = Debug|Any CPU
		{A1D5D4CC-2E56-4520-9BC6-33AE118AE9B9}.Debug|Any CPU.Build.0 = Debug|Any CPU
		{A1D5D4CC-2E56-4520-9BC6-33AE118AE9B9}.Release|Any CPU.ActiveCfg = Release|Any CPU
		{A1D5D4CC-2E56-4520-9BC6-33AE118AE9B9}.Release|Any CPU.Build.0 = Release|Any CPU
		{8852CD7E-2FD1-41A7-8145-1B9E7EBB9C9E}.Debug|Any CPU.ActiveCfg = Debug|Any CPU
		{8852CD7E-2FD1-41A7-8145-1B9E7EBB9C9E}.Debug|Any CPU.Build.0 = Debug|Any CPU
		{8852CD7E-2FD1-41A7-8145-1B9E7EBB9C9E}.Release|Any CPU.ActiveCfg = Release|Any CPU
		{8852CD7E-2FD1-41A7-8145-1B9E7EBB9C9E}.Release|Any CPU.Build.0 = Release|Any CPU
		{D1A41933-B18C-4F63-9435-1A9D3A10237D}.Debug|Any CPU.ActiveCfg = Debug|Any CPU
		{D1A41933-B18C-4F63-9435-1A9D3A10237D}.Debug|Any CPU.Build.0 = Debug|Any CPU
		{D1A41933-B18C-4F63-9435-1A9D3A10237D}.Release|Any CPU.ActiveCfg = Release|Any CPU
		{D1A41933-B18C-4F63-9435-1A9D3A10237D}.Release|Any CPU.Build.0 = Release|Any CPU
	EndGlobalSection
	GlobalSection(SolutionProperties) = preSolution
		HideSolutionNode = FALSE
	EndGlobalSection
	GlobalSection(ExtensibilityGlobals) = postSolution
		SolutionGuid = {BCBF3F17-6CC8-4ED8-A9C7-930D0B265FA6}
	EndGlobalSection
EndGlobal
