
Microsoft Visual Studio Solution File, Format Version 12.00
# Visual Studio 15
VisualStudioVersion = 15.0.28010.2041
MinimumVisualStudioVersion = 10.0.40219.1
Project("{FAE04EC0-301F-11D3-BF4B-00C04F79EFBC}") = "OthelloMillenniumClient", "OthelloMillenniumClient\OthelloMillenniumClient.csproj", "{2F0C304E-C3D2-49EA-84B9-5D92141C0E37}"
EndProject
Project("{FAE04EC0-301F-11D3-BF4B-00C04F79EFBC}") = "Tools", "Tools\Tools.csproj", "{0D689054-0E76-4CAF-A8F0-EA621E32ADA8}"
EndProject
Project("{FAE04EC0-301F-11D3-BF4B-00C04F79EFBC}") = "WpfPageTransitions", "WpfPageTransitions\WpfPageTransitions.csproj", "{22A46D61-1D40-43A9-802C-B9D43DADD9EC}"
EndProject
Project("{FAE04EC0-301F-11D3-BF4B-00C04F79EFBC}") = "OthelloMillenniumServer", "OthelloMillenniumServer\OthelloMillenniumServer.csproj", "{AE7945BE-8562-47FA-965F-76F8BED87F6E}"
EndProject
Project("{FAE04EC0-301F-11D3-BF4B-00C04F79EFBC}") = "IAOthelloMillenium", "OthelloMilleniumAI\IAOthelloMillenium.csproj", "{D00EB200-56AD-47F9-A587-F913BC02F445}"
EndProject
Global
	GlobalSection(SolutionConfigurationPlatforms) = preSolution
		Debug|Any CPU = Debug|Any CPU
		Release|Any CPU = Release|Any CPU
	EndGlobalSection
	GlobalSection(ProjectConfigurationPlatforms) = postSolution
		{2F0C304E-C3D2-49EA-84B9-5D92141C0E37}.Debug|Any CPU.ActiveCfg = Debug|Any CPU
		{2F0C304E-C3D2-49EA-84B9-5D92141C0E37}.Debug|Any CPU.Build.0 = Debug|Any CPU
		{2F0C304E-C3D2-49EA-84B9-5D92141C0E37}.Release|Any CPU.ActiveCfg = Release|Any CPU
		{2F0C304E-C3D2-49EA-84B9-5D92141C0E37}.Release|Any CPU.Build.0 = Release|Any CPU
		{0D689054-0E76-4CAF-A8F0-EA621E32ADA8}.Debug|Any CPU.ActiveCfg = Debug|Any CPU
		{0D689054-0E76-4CAF-A8F0-EA621E32ADA8}.Debug|Any CPU.Build.0 = Debug|Any CPU
		{0D689054-0E76-4CAF-A8F0-EA621E32ADA8}.Release|Any CPU.ActiveCfg = Release|Any CPU
		{0D689054-0E76-4CAF-A8F0-EA621E32ADA8}.Release|Any CPU.Build.0 = Release|Any CPU
		{22A46D61-1D40-43A9-802C-B9D43DADD9EC}.Debug|Any CPU.ActiveCfg = Debug|Any CPU
		{22A46D61-1D40-43A9-802C-B9D43DADD9EC}.Debug|Any CPU.Build.0 = Debug|Any CPU
		{22A46D61-1D40-43A9-802C-B9D43DADD9EC}.Release|Any CPU.ActiveCfg = Release|Any CPU
		{22A46D61-1D40-43A9-802C-B9D43DADD9EC}.Release|Any CPU.Build.0 = Release|Any CPU
		{AE7945BE-8562-47FA-965F-76F8BED87F6E}.Debug|Any CPU.ActiveCfg = Debug|Any CPU
		{AE7945BE-8562-47FA-965F-76F8BED87F6E}.Debug|Any CPU.Build.0 = Debug|Any CPU
		{AE7945BE-8562-47FA-965F-76F8BED87F6E}.Release|Any CPU.ActiveCfg = Release|Any CPU
		{AE7945BE-8562-47FA-965F-76F8BED87F6E}.Release|Any CPU.Build.0 = Release|Any CPU
		{D00EB200-56AD-47F9-A587-F913BC02F445}.Debug|Any CPU.ActiveCfg = Debug|Any CPU
		{D00EB200-56AD-47F9-A587-F913BC02F445}.Debug|Any CPU.Build.0 = Debug|Any CPU
		{D00EB200-56AD-47F9-A587-F913BC02F445}.Release|Any CPU.ActiveCfg = Release|Any CPU
		{D00EB200-56AD-47F9-A587-F913BC02F445}.Release|Any CPU.Build.0 = Release|Any CPU
	EndGlobalSection
	GlobalSection(SolutionProperties) = preSolution
		HideSolutionNode = FALSE
	EndGlobalSection
	GlobalSection(ExtensibilityGlobals) = postSolution
		SolutionGuid = {BCBF3F17-6CC8-4ED8-A9C7-930D0B265FA6}
	EndGlobalSection
EndGlobal
